// !$*UTF8*$!
{
	archiveVersion = 1;
	classes = {
	};
	objectVersion = 56;
	objects = {

/* Begin PBXBuildFile section */
		D30862F42C25359B0028A0B0 /* CameraViewController.swift in Sources */ = {isa = PBXBuildFile; fileRef = D30862F32C25359B0028A0B0 /* CameraViewController.swift */; };
		D30862F62C253A450028A0B0 /* StartViewController.swift in Sources */ = {isa = PBXBuildFile; fileRef = D30862F52C253A450028A0B0 /* StartViewController.swift */; };
		D33C7B6E2C26624B00B34714 /* CommandViewController.swift in Sources */ = {isa = PBXBuildFile; fileRef = D33C7B6D2C26624B00B34714 /* CommandViewController.swift */; };
		D3C2C43F2C1ADB4A0087564F /* AppDelegate.swift in Sources */ = {isa = PBXBuildFile; fileRef = D3C2C43E2C1ADB4A0087564F /* AppDelegate.swift */; };
		D3C2C4412C1ADB4A0087564F /* SceneDelegate.swift in Sources */ = {isa = PBXBuildFile; fileRef = D3C2C4402C1ADB4A0087564F /* SceneDelegate.swift */; };
		D3C2C4432C1ADB4A0087564F /* ViewController.swift in Sources */ = {isa = PBXBuildFile; fileRef = D3C2C4422C1ADB4A0087564F /* ViewController.swift */; };
		D3C2C4462C1ADB4A0087564F /* Base in Resources */ = {isa = PBXBuildFile; fileRef = D3C2C4452C1ADB4A0087564F /* Base */; };
		D3C2C4482C1ADB4B0087564F /* Assets.xcassets in Resources */ = {isa = PBXBuildFile; fileRef = D3C2C4472C1ADB4B0087564F /* Assets.xcassets */; };
		D3C2C44B2C1ADB4B0087564F /* Base in Resources */ = {isa = PBXBuildFile; fileRef = D3C2C44A2C1ADB4B0087564F /* Base */; };
		D3C2C45D2C1CFC170087564F /* CoreML_CPGANet_AE20FT.mlpackage in Sources */ = {isa = PBXBuildFile; fileRef = D3C2C45C2C1CFC170087564F /* CoreML_CPGANet_AE20FT.mlpackage */; };
		D3CEEBC22C2DFEC00092B7FF /* CoreML_CPGANet_AE20FT.mlpackage in Sources */ = {isa = PBXBuildFile; fileRef = D3CEEBC12C2DFEC00092B7FF /* CoreML_CPGANet_AE20FT.mlpackage */; };
		D3D0F7BB2C1D4863003DC739 /* CoreML_CPGANet_expe.mlpackage in Sources */ = {isa = PBXBuildFile; fileRef = D3D0F7BA2C1D4863003DC739 /* CoreML_CPGANet_expe.mlpackage */; };
/* End PBXBuildFile section */

/* Begin PBXFileReference section */
		D30862F32C25359B0028A0B0 /* CameraViewController.swift */ = {isa = PBXFileReference; lastKnownFileType = sourcecode.swift; path = CameraViewController.swift; sourceTree = "<group>"; };
		D30862F52C253A450028A0B0 /* StartViewController.swift */ = {isa = PBXFileReference; lastKnownFileType = sourcecode.swift; path = StartViewController.swift; sourceTree = "<group>"; };
		D33C7B6C2C26589900B34714 /* IE_IOS.entitlements */ = {isa = PBXFileReference; lastKnownFileType = text.plist.entitlements; path = IE_IOS.entitlements; sourceTree = "<group>"; };
		D33C7B6D2C26624B00B34714 /* CommandViewController.swift */ = {isa = PBXFileReference; lastKnownFileType = sourcecode.swift; path = CommandViewController.swift; sourceTree = "<group>"; };
		D3C2C43B2C1ADB4A0087564F /* IE_IOS.app */ = {isa = PBXFileReference; explicitFileType = wrapper.application; includeInIndex = 0; path = IE_IOS.app; sourceTree = BUILT_PRODUCTS_DIR; };
		D3C2C43E2C1ADB4A0087564F /* AppDelegate.swift */ = {isa = PBXFileReference; lastKnownFileType = sourcecode.swift; path = AppDelegate.swift; sourceTree = "<group>"; };
		D3C2C4402C1ADB4A0087564F /* SceneDelegate.swift */ = {isa = PBXFileReference; lastKnownFileType = sourcecode.swift; path = SceneDelegate.swift; sourceTree = "<group>"; };
		D3C2C4422C1ADB4A0087564F /* ViewController.swift */ = {isa = PBXFileReference; lastKnownFileType = sourcecode.swift; path = ViewController.swift; sourceTree = "<group>"; };
		D3C2C4452C1ADB4A0087564F /* Base */ = {isa = PBXFileReference; lastKnownFileType = file.storyboard; name = Base; path = Base.lproj/Main.storyboard; sourceTree = "<group>"; };
		D3C2C4472C1ADB4B0087564F /* Assets.xcassets */ = {isa = PBXFileReference; lastKnownFileType = folder.assetcatalog; path = Assets.xcassets; sourceTree = "<group>"; };
		D3C2C44A2C1ADB4B0087564F /* Base */ = {isa = PBXFileReference; lastKnownFileType = file.storyboard; name = Base; path = Base.lproj/LaunchScreen.storyboard; sourceTree = "<group>"; };
		D3C2C44C2C1ADB4B0087564F /* Info.plist */ = {isa = PBXFileReference; lastKnownFileType = text.plist.xml; path = Info.plist; sourceTree = "<group>"; };
		D3C2C45C2C1CFC170087564F /* CoreML_CPGANet_AE20FT.mlpackage */ = {isa = PBXFileReference; lastKnownFileType = folder.mlpackage; name = CoreML_CPGANet_AE20FT.mlpackage; path = "../../BDCP-LLNet-PyTorch/CoreML_CPGANet_AE20FT.mlpackage"; sourceTree = "<group>"; };
		D3CEEBC12C2DFEC00092B7FF /* CoreML_CPGANet_AE20FT.mlpackage */ = {isa = PBXFileReference; lastKnownFileType = folder.mlpackage; name = CoreML_CPGANet_AE20FT.mlpackage; path = "../../BDCP-LLNet-PyTorch/CoreML_CPGANet_AE20FT.mlpackage"; sourceTree = "<group>"; };
		D3D0F7BA2C1D4863003DC739 /* CoreML_CPGANet_expe.mlpackage */ = {isa = PBXFileReference; lastKnownFileType = folder.mlpackage; name = CoreML_CPGANet_expe.mlpackage; path = "../../BDCP-LLNet-PyTorch/CoreML_CPGANet_expe.mlpackage"; sourceTree = "<group>"; };
/* End PBXFileReference section */

/* Begin PBXFrameworksBuildPhase section */
		D3C2C4382C1ADB4A0087564F /* Frameworks */ = {
			isa = PBXFrameworksBuildPhase;
			buildActionMask = 2147483647;
			files = (
			);
			runOnlyForDeploymentPostprocessing = 0;
		};
/* End PBXFrameworksBuildPhase section */

/* Begin PBXGroup section */
		D3C2C4322C1ADB4A0087564F = {
			isa = PBXGroup;
			children = (
				D3C2C43D2C1ADB4A0087564F /* IE_IOS */,
				D3C2C43C2C1ADB4A0087564F /* Products */,
			);
			sourceTree = "<group>";
		};
		D3C2C43C2C1ADB4A0087564F /* Products */ = {
			isa = PBXGroup;
			children = (
				D3C2C43B2C1ADB4A0087564F /* IE_IOS.app */,
			);
			name = Products;
			sourceTree = "<group>";
		};
		D3C2C43D2C1ADB4A0087564F /* IE_IOS */ = {
			isa = PBXGroup;
			children = (
				D33C7B6D2C26624B00B34714 /* CommandViewController.swift */,
				D33C7B6C2C26589900B34714 /* IE_IOS.entitlements */,
				D3C2C43E2C1ADB4A0087564F /* AppDelegate.swift */,
				D3C2C4402C1ADB4A0087564F /* SceneDelegate.swift */,
				D3C2C4422C1ADB4A0087564F /* ViewController.swift */,
				D3C2C4442C1ADB4A0087564F /* Main.storyboard */,
				D30862F52C253A450028A0B0 /* StartViewController.swift */,
				D30862F32C25359B0028A0B0 /* CameraViewController.swift */,
				D3C2C4472C1ADB4B0087564F /* Assets.xcassets */,
				D3C2C45C2C1CFC170087564F /* CoreML_CPGANet_AE20FT.mlpackage */,
				D3C2C4492C1ADB4B0087564F /* LaunchScreen.storyboard */,
				D3C2C44C2C1ADB4B0087564F /* Info.plist */,
				D3D0F7BA2C1D4863003DC739 /* CoreML_CPGANet_expe.mlpackage */,
				D3CEEBC12C2DFEC00092B7FF /* CoreML_CPGANet_AE20FT.mlpackage */,
			);
			path = IE_IOS;
			sourceTree = "<group>";
		};
/* End PBXGroup section */

/* Begin PBXNativeTarget section */
		D3C2C43A2C1ADB4A0087564F /* IE_IOS */ = {
			isa = PBXNativeTarget;
			buildConfigurationList = D3C2C44F2C1ADB4B0087564F /* Build configuration list for PBXNativeTarget "IE_IOS" */;
			buildPhases = (
				D3C2C4372C1ADB4A0087564F /* Sources */,
				D3C2C4382C1ADB4A0087564F /* Frameworks */,
				D3C2C4392C1ADB4A0087564F /* Resources */,
			);
			buildRules = (
			);
			dependencies = (
			);
			name = IE_IOS;
			productName = IE_IOS;
			productReference = D3C2C43B2C1ADB4A0087564F /* IE_IOS.app */;
			productType = "com.apple.product-type.application";
		};
/* End PBXNativeTarget section */

/* Begin PBXProject section */
		D3C2C4332C1ADB4A0087564F /* Project object */ = {
			isa = PBXProject;
			attributes = {
				BuildIndependentTargetsInParallel = 1;
				LastSwiftUpdateCheck = 1540;
				LastUpgradeCheck = 1540;
				TargetAttributes = {
					D3C2C43A2C1ADB4A0087564F = {
						CreatedOnToolsVersion = 15.4;
					};
				};
			};
			buildConfigurationList = D3C2C4362C1ADB4A0087564F /* Build configuration list for PBXProject "IE_IOS" */;
			compatibilityVersion = "Xcode 14.0";
			developmentRegion = en;
			hasScannedForEncodings = 0;
			knownRegions = (
				en,
				Base,
			);
			mainGroup = D3C2C4322C1ADB4A0087564F;
			productRefGroup = D3C2C43C2C1ADB4A0087564F /* Products */;
			projectDirPath = "";
			projectRoot = "";
			targets = (
				D3C2C43A2C1ADB4A0087564F /* IE_IOS */,
			);
		};
/* End PBXProject section */

/* Begin PBXResourcesBuildPhase section */
		D3C2C4392C1ADB4A0087564F /* Resources */ = {
			isa = PBXResourcesBuildPhase;
			buildActionMask = 2147483647;
			files = (
				D3C2C4482C1ADB4B0087564F /* Assets.xcassets in Resources */,
				D3C2C44B2C1ADB4B0087564F /* Base in Resources */,
				D3C2C4462C1ADB4A0087564F /* Base in Resources */,
			);
			runOnlyForDeploymentPostprocessing = 0;
		};
/* End PBXResourcesBuildPhase section */

/* Begin PBXSourcesBuildPhase section */
		D3C2C4372C1ADB4A0087564F /* Sources */ = {
			isa = PBXSourcesBuildPhase;
			buildActionMask = 2147483647;
			files = (
				D30862F62C253A450028A0B0 /* StartViewController.swift in Sources */,
				D3CEEBC22C2DFEC00092B7FF /* CoreML_CPGANet_AE20FT.mlpackage in Sources */,
				D3C2C45D2C1CFC170087564F /* CoreML_CPGANet_AE20FT.mlpackage in Sources */,
				D3C2C4432C1ADB4A0087564F /* ViewController.swift in Sources */,
				D3C2C43F2C1ADB4A0087564F /* AppDelegate.swift in Sources */,
				D30862F42C25359B0028A0B0 /* CameraViewController.swift in Sources */,
				D3D0F7BB2C1D4863003DC739 /* CoreML_CPGANet_expe.mlpackage in Sources */,
				D33C7B6E2C26624B00B34714 /* CommandViewController.swift in Sources */,
				D3C2C4412C1ADB4A0087564F /* SceneDelegate.swift in Sources */,
			);
			runOnlyForDeploymentPostprocessing = 0;
		};
/* End PBXSourcesBuildPhase section */

/* Begin PBXVariantGroup section */
		D3C2C4442C1ADB4A0087564F /* Main.storyboard */ = {
			isa = PBXVariantGroup;
			children = (
				D3C2C4452C1ADB4A0087564F /* Base */,
			);
			name = Main.storyboard;
			sourceTree = "<group>";
		};
		D3C2C4492C1ADB4B0087564F /* LaunchScreen.storyboard */ = {
			isa = PBXVariantGroup;
			children = (
				D3C2C44A2C1ADB4B0087564F /* Base */,
			);
			name = LaunchScreen.storyboard;
			sourceTree = "<group>";
		};
/* End PBXVariantGroup section */

/* Begin XCBuildConfiguration section */
		D3C2C44D2C1ADB4B0087564F /* Debug */ = {
			isa = XCBuildConfiguration;
			buildSettings = {
				ALWAYS_SEARCH_USER_PATHS = NO;
				ASSETCATALOG_COMPILER_GENERATE_SWIFT_ASSET_SYMBOL_EXTENSIONS = YES;
				CLANG_ANALYZER_NONNULL = YES;
				CLANG_ANALYZER_NUMBER_OBJECT_CONVERSION = YES_AGGRESSIVE;
				CLANG_CXX_LANGUAGE_STANDARD = "gnu++20";
				CLANG_ENABLE_MODULES = YES;
				CLANG_ENABLE_OBJC_ARC = YES;
				CLANG_ENABLE_OBJC_WEAK = YES;
				CLANG_WARN_BLOCK_CAPTURE_AUTORELEASING = YES;
				CLANG_WARN_BOOL_CONVERSION = YES;
				CLANG_WARN_COMMA = YES;
				CLANG_WARN_CONSTANT_CONVERSION = YES;
				CLANG_WARN_DEPRECATED_OBJC_IMPLEMENTATIONS = YES;
				CLANG_WARN_DIRECT_OBJC_ISA_USAGE = YES_ERROR;
				CLANG_WARN_DOCUMENTATION_COMMENTS = YES;
				CLANG_WARN_EMPTY_BODY = YES;
				CLANG_WARN_ENUM_CONVERSION = YES;
				CLANG_WARN_INFINITE_RECURSION = YES;
				CLANG_WARN_INT_CONVERSION = YES;
				CLANG_WARN_NON_LITERAL_NULL_CONVERSION = YES;
				CLANG_WARN_OBJC_IMPLICIT_RETAIN_SELF = YES;
				CLANG_WARN_OBJC_LITERAL_CONVERSION = YES;
				CLANG_WARN_OBJC_ROOT_CLASS = YES_ERROR;
				CLANG_WARN_QUOTED_INCLUDE_IN_FRAMEWORK_HEADER = YES;
				CLANG_WARN_RANGE_LOOP_ANALYSIS = YES;
				CLANG_WARN_STRICT_PROTOTYPES = YES;
				CLANG_WARN_SUSPICIOUS_MOVE = YES;
				CLANG_WARN_UNGUARDED_AVAILABILITY = YES_AGGRESSIVE;
				CLANG_WARN_UNREACHABLE_CODE = YES;
				CLANG_WARN__DUPLICATE_METHOD_MATCH = YES;
				COPY_PHASE_STRIP = NO;
				DEBUG_INFORMATION_FORMAT = dwarf;
				ENABLE_STRICT_OBJC_MSGSEND = YES;
				ENABLE_TESTABILITY = YES;
				ENABLE_USER_SCRIPT_SANDBOXING = YES;
				GCC_C_LANGUAGE_STANDARD = gnu17;
				GCC_DYNAMIC_NO_PIC = NO;
				GCC_NO_COMMON_BLOCKS = YES;
				GCC_OPTIMIZATION_LEVEL = 0;
				GCC_PREPROCESSOR_DEFINITIONS = (
					"DEBUG=1",
					"$(inherited)",
				);
				GCC_WARN_64_TO_32_BIT_CONVERSION = YES;
				GCC_WARN_ABOUT_RETURN_TYPE = YES_ERROR;
				GCC_WARN_UNDECLARED_SELECTOR = YES;
				GCC_WARN_UNINITIALIZED_AUTOS = YES_AGGRESSIVE;
				GCC_WARN_UNUSED_FUNCTION = YES;
				GCC_WARN_UNUSED_VARIABLE = YES;
				IPHONEOS_DEPLOYMENT_TARGET = 17.5;
				LOCALIZATION_PREFERS_STRING_CATALOGS = YES;
				MTL_ENABLE_DEBUG_INFO = INCLUDE_SOURCE;
				MTL_FAST_MATH = YES;
				ONLY_ACTIVE_ARCH = YES;
				SDKROOT = iphoneos;
				SWIFT_ACTIVE_COMPILATION_CONDITIONS = "DEBUG $(inherited)";
				SWIFT_OPTIMIZATION_LEVEL = "-Onone";
			};
			name = Debug;
		};
		D3C2C44E2C1ADB4B0087564F /* Release */ = {
			isa = XCBuildConfiguration;
			buildSettings = {
				ALWAYS_SEARCH_USER_PATHS = NO;
				ASSETCATALOG_COMPILER_GENERATE_SWIFT_ASSET_SYMBOL_EXTENSIONS = YES;
				CLANG_ANALYZER_NONNULL = YES;
				CLANG_ANALYZER_NUMBER_OBJECT_CONVERSION = YES_AGGRESSIVE;
				CLANG_CXX_LANGUAGE_STANDARD = "gnu++20";
				CLANG_ENABLE_MODULES = YES;
				CLANG_ENABLE_OBJC_ARC = YES;
				CLANG_ENABLE_OBJC_WEAK = YES;
				CLANG_WARN_BLOCK_CAPTURE_AUTORELEASING = YES;
				CLANG_WARN_BOOL_CONVERSION = YES;
				CLANG_WARN_COMMA = YES;
				CLANG_WARN_CONSTANT_CONVERSION = YES;
				CLANG_WARN_DEPRECATED_OBJC_IMPLEMENTATIONS = YES;
				CLANG_WARN_DIRECT_OBJC_ISA_USAGE = YES_ERROR;
				CLANG_WARN_DOCUMENTATION_COMMENTS = YES;
				CLANG_WARN_EMPTY_BODY = YES;
				CLANG_WARN_ENUM_CONVERSION = YES;
				CLANG_WARN_INFINITE_RECURSION = YES;
				CLANG_WARN_INT_CONVERSION = YES;
				CLANG_WARN_NON_LITERAL_NULL_CONVERSION = YES;
				CLANG_WARN_OBJC_IMPLICIT_RETAIN_SELF = YES;
				CLANG_WARN_OBJC_LITERAL_CONVERSION = YES;
				CLANG_WARN_OBJC_ROOT_CLASS = YES_ERROR;
				CLANG_WARN_QUOTED_INCLUDE_IN_FRAMEWORK_HEADER = YES;
				CLANG_WARN_RANGE_LOOP_ANALYSIS = YES;
				CLANG_WARN_STRICT_PROTOTYPES = YES;
				CLANG_WARN_SUSPICIOUS_MOVE = YES;
				CLANG_WARN_UNGUARDED_AVAILABILITY = YES_AGGRESSIVE;
				CLANG_WARN_UNREACHABLE_CODE = YES;
				CLANG_WARN__DUPLICATE_METHOD_MATCH = YES;
				COPY_PHASE_STRIP = NO;
				DEBUG_INFORMATION_FORMAT = "dwarf-with-dsym";
				ENABLE_NS_ASSERTIONS = NO;
				ENABLE_STRICT_OBJC_MSGSEND = YES;
				ENABLE_USER_SCRIPT_SANDBOXING = YES;
				GCC_C_LANGUAGE_STANDARD = gnu17;
				GCC_NO_COMMON_BLOCKS = YES;
				GCC_WARN_64_TO_32_BIT_CONVERSION = YES;
				GCC_WARN_ABOUT_RETURN_TYPE = YES_ERROR;
				GCC_WARN_UNDECLARED_SELECTOR = YES;
				GCC_WARN_UNINITIALIZED_AUTOS = YES_AGGRESSIVE;
				GCC_WARN_UNUSED_FUNCTION = YES;
				GCC_WARN_UNUSED_VARIABLE = YES;
				IPHONEOS_DEPLOYMENT_TARGET = 17.5;
				LOCALIZATION_PREFERS_STRING_CATALOGS = YES;
				MTL_ENABLE_DEBUG_INFO = NO;
				MTL_FAST_MATH = YES;
				SDKROOT = iphoneos;
				SWIFT_COMPILATION_MODE = wholemodule;
				VALIDATE_PRODUCT = YES;
			};
			name = Release;
		};
		D3C2C4502C1ADB4B0087564F /* Debug */ = {
			isa = XCBuildConfiguration;
			buildSettings = {
				ASSETCATALOG_COMPILER_APPICON_NAME = AppIcon;
				ASSETCATALOG_COMPILER_GLOBAL_ACCENT_COLOR_NAME = AccentColor;
				ASSETCATALOG_COMPILER_INCLUDE_ALL_APPICON_ASSETS = NO;
				CODE_SIGN_ENTITLEMENTS = IE_IOS/IE_IOS.entitlements;
				CODE_SIGN_STYLE = Automatic;
				CURRENT_PROJECT_VERSION = 1;
				DEVELOPMENT_TEAM = AM28V7XT3F;
				GENERATE_INFOPLIST_FILE = YES;
				INFOPLIST_FILE = IE_IOS/Info.plist;
				INFOPLIST_KEY_CFBundleDisplayName = "CPGA-Net";
				INFOPLIST_KEY_LSApplicationCategoryType = "public.app-category.photography";
				INFOPLIST_KEY_NSCameraUsageDescription = "";
				INFOPLIST_KEY_UIApplicationSupportsIndirectInputEvents = YES;
				INFOPLIST_KEY_UILaunchStoryboardName = LaunchScreen;
				INFOPLIST_KEY_UIMainStoryboardFile = Main;
				INFOPLIST_KEY_UISupportedInterfaceOrientations = UIInterfaceOrientationPortrait;
				IPHONEOS_DEPLOYMENT_TARGET = 17.0;
				LD_RUNPATH_SEARCH_PATHS = (
					"$(inherited)",
					"@executable_path/Frameworks",
				);
				MARKETING_VERSION = 1.0;
				PRODUCT_BUNDLE_IDENTIFIER = "io.github.shyandram.IE-IOS";
				PRODUCT_NAME = "$(TARGET_NAME)";
				SWIFT_EMIT_LOC_STRINGS = YES;
				SWIFT_VERSION = 5.0;
				TARGETED_DEVICE_FAMILY = "1,2";
			};
			name = Debug;
		};
		D3C2C4512C1ADB4B0087564F /* Release */ = {
			isa = XCBuildConfiguration;
			buildSettings = {
				ASSETCATALOG_COMPILER_APPICON_NAME = AppIcon;
				ASSETCATALOG_COMPILER_GLOBAL_ACCENT_COLOR_NAME = AccentColor;
				ASSETCATALOG_COMPILER_INCLUDE_ALL_APPICON_ASSETS = NO;
				CODE_SIGN_ENTITLEMENTS = IE_IOS/IE_IOS.entitlements;
				CODE_SIGN_STYLE = Automatic;
				CURRENT_PROJECT_VERSION = 1;
				DEVELOPMENT_TEAM = AM28V7XT3F;
				GENERATE_INFOPLIST_FILE = YES;
				INFOPLIST_FILE = IE_IOS/Info.plist;
				INFOPLIST_KEY_CFBundleDisplayName = "CPGA-Net";
				INFOPLIST_KEY_LSApplicationCategoryType = "public.app-category.photography";
				INFOPLIST_KEY_NSCameraUsageDescription = "";
				INFOPLIST_KEY_UIApplicationSupportsIndirectInputEvents = YES;
				INFOPLIST_KEY_UILaunchStoryboardName = LaunchScreen;
				INFOPLIST_KEY_UIMainStoryboardFile = Main;
				INFOPLIST_KEY_UISupportedInterfaceOrientations = UIInterfaceOrientationPortrait;
				IPHONEOS_DEPLOYMENT_TARGET = 17.0;
				LD_RUNPATH_SEARCH_PATHS = (
					"$(inherited)",
					"@executable_path/Frameworks",
				);
				MARKETING_VERSION = 1.0;
				PRODUCT_BUNDLE_IDENTIFIER = "io.github.shyandram.IE-IOS";
				PRODUCT_NAME = "$(TARGET_NAME)";
				SWIFT_EMIT_LOC_STRINGS = YES;
				SWIFT_VERSION = 5.0;
				TARGETED_DEVICE_FAMILY = "1,2";
			};
			name = Release;
		};
/* End XCBuildConfiguration section */

/* Begin XCConfigurationList section */
		D3C2C4362C1ADB4A0087564F /* Build configuration list for PBXProject "IE_IOS" */ = {
			isa = XCConfigurationList;
			buildConfigurations = (
				D3C2C44D2C1ADB4B0087564F /* Debug */,
				D3C2C44E2C1ADB4B0087564F /* Release */,
			);
			defaultConfigurationIsVisible = 0;
			defaultConfigurationName = Release;
		};
		D3C2C44F2C1ADB4B0087564F /* Build configuration list for PBXNativeTarget "IE_IOS" */ = {
			isa = XCConfigurationList;
			buildConfigurations = (
				D3C2C4502C1ADB4B0087564F /* Debug */,
				D3C2C4512C1ADB4B0087564F /* Release */,
			);
			defaultConfigurationIsVisible = 0;
			defaultConfigurationName = Release;
		};
/* End XCConfigurationList section */
	};
	rootObject = D3C2C4332C1ADB4A0087564F /* Project object */;
}
